[root]
name = "console"
version = "0.1.0"
dependencies = [
 "helix 0.1.0",
 "libc 0.2.9 (registry+https://github.com/rust-lang/crates.io-index)",
 "libcruby-sys 0.1.0",
]

[[package]]
name = "cslice"
version = "0.1.0"
source = "git+https://github.com/rustbridge/neon#f28e32c77a04c3b79834324290a1b9cabcd50230"

[[package]]
name = "helix"
version = "0.1.0"
dependencies = [
 "cslice 0.1.0 (git+https://github.com/rustbridge/neon)",
 "libc 0.2.9 (registry+https://github.com/rust-lang/crates.io-index)",
 "libcruby-sys 0.1.0",
]

[[package]]
name = "libc"
version = "0.2.9"
source = "registry+https://github.com/rust-lang/crates.io-index"

[[package]]
name = "libcruby-sys"
version = "0.1.0"
dependencies = [
 "libc 0.2.9 (registry+https://github.com/rust-lang/crates.io-index)",
]

